
Microsoft Visual Studio Solution File, Format Version 12.00
# Visual Studio Version 16
VisualStudioVersion = 16.0.31105.61
MinimumVisualStudioVersion = 10.0.40219.1
Project("{FAE04EC0-301F-11D3-BF4B-00C04F79EFBC}") = "BookController", "BookController.csproj", "{8C2B9F64-EA7F-4E35-ADB8-802AF848368D}"
EndProject
Global
	GlobalSection(SolutionConfigurationPlatforms) = preSolution
		Debug|Any CPU = Debug|Any CPU
		Release|Any CPU = Release|Any CPU
	EndGlobalSection
	GlobalSection(ProjectConfigurationPlatforms) = postSolution
		{8C2B9F64-EA7F-4E35-ADB8-802AF848368D}.Debug|Any CPU.ActiveCfg = Debug|Any CPU
		{8C2B9F64-EA7F-4E35-ADB8-802AF848368D}.Debug|Any CPU.Build.0 = Debug|Any CPU
		{8C2B9F64-EA7F-4E35-ADB8-802AF848368D}.Release|Any CPU.ActiveCfg = Release|Any CPU
		{8C2B9F64-EA7F-4E35-ADB8-802AF848368D}.Release|Any CPU.Build.0 = Release|Any CPU
	EndGlobalSection
	GlobalSection(SolutionProperties) = preSolution
		HideSolutionNode = FALSE
	EndGlobalSection
	GlobalSection(ExtensibilityGlobals) = postSolution
		SolutionGuid = {E872843C-F69E-4121-A033-AB4AAC248BE0}
	EndGlobalSection
EndGlobal
